
Microsoft Visual Studio Solution File, Format Version 12.00
# Visual Studio Version 17
VisualStudioVersion = 17.7.34024.191
MinimumVisualStudioVersion = 10.0.40219.1
Project("{FAE04EC0-301F-11D3-BF4B-00C04F79EFBC}") = "ToDoMauiClient", "ToDoMauiClient\ToDoMauiClient.csproj", "{76E67E4D-69F9-422E-8E65-958DBB77391C}"
EndProject
Global
	GlobalSection(SolutionConfigurationPlatforms) = preSolution
		Debug|Any CPU = Debug|Any CPU
		Release|Any CPU = Release|Any CPU
	EndGlobalSection
	GlobalSection(ProjectConfigurationPlatforms) = postSolution
		{76E67E4D-69F9-422E-8E65-958DBB77391C}.Debug|Any CPU.ActiveCfg = Debug|Any CPU
		{76E67E4D-69F9-422E-8E65-958DBB77391C}.Debug|Any CPU.Build.0 = Debug|Any CPU
		{76E67E4D-69F9-422E-8E65-958DBB77391C}.Debug|Any CPU.Deploy.0 = Debug|Any CPU
		{76E67E4D-69F9-422E-8E65-958DBB77391C}.Release|Any CPU.ActiveCfg = Release|Any CPU
		{76E67E4D-69F9-422E-8E65-958DBB77391C}.Release|Any CPU.Build.0 = Release|Any CPU
		{76E67E4D-69F9-422E-8E65-958DBB77391C}.Release|Any CPU.Deploy.0 = Release|Any CPU
	EndGlobalSection
	GlobalSection(SolutionProperties) = preSolution
		HideSolutionNode = FALSE
	EndGlobalSection
	GlobalSection(ExtensibilityGlobals) = postSolution
		SolutionGuid = {A918AF2E-3A94-42CD-BEEC-66D8B6BE26C6}
	EndGlobalSection
EndGlobal
